
Microsoft Visual Studio Solution File, Format Version 12.00
Project("{FAE04EC0-301F-11D3-BF4B-00C04F79EFBC}") = "Centazio.Test.Lib", "src\Centazio.Test.Lib\Centazio.Test.Lib.csproj", "{2B592DCA-AD65-487B-8683-0442411D2AFA}"
EndProject
Project("{2150E333-8FDC-42A3-9474-1A3956D46DE8}") = "tests", "tests", "{FCF48D59-CFEF-4D5C-839F-7AB6E63C3694}"
EndProject
Project("{FAE04EC0-301F-11D3-BF4B-00C04F79EFBC}") = "Centazio.Core", "src\Centazio.Core\Centazio.Core.csproj", "{47D183A9-4165-471B-9F69-99F4CEB05005}"
EndProject
Project("{FAE04EC0-301F-11D3-BF4B-00C04F79EFBC}") = "Centazio.Core.Tests", "tests\Centazio.Core.Tests\Centazio.Core.Tests.csproj", "{1653C645-36BD-429C-A737-1F73144E6D58}"
EndProject
Project("{2150E333-8FDC-42A3-9474-1A3956D46DE8}") = "src", "src", "{85E0FAEE-523F-43E6-9FA8-53EFA08E2F35}"
EndProject
Project("{2150E333-8FDC-42A3-9474-1A3956D46DE8}") = "Centazio.Providers", "Centazio.Providers", "{95FE1321-2F07-45ED-ABA6-AA354B308CE7}"
EndProject
Project("{FAE04EC0-301F-11D3-BF4B-00C04F79EFBC}") = "Centazio.Providers.Aws", "src\Centazio.Providers\Centazio.Providers.Aws\Centazio.Providers.Aws.csproj", "{58CF7292-B579-4BA9-977C-B2F63A1254D9}"
EndProject
Project("{2150E333-8FDC-42A3-9474-1A3956D46DE8}") = "Centazio.Providers", "Centazio.Providers", "{60BD8B72-2AC8-4D12-A2BA-87BDD7C803AB}"
EndProject
Project("{FAE04EC0-301F-11D3-BF4B-00C04F79EFBC}") = "Centazio.Providers.Aws.Tests", "tests\Centazio.Providers.Aws.Tests\Centazio.Providers.Aws.Tests.csproj", "{0FA844AD-623F-45D7-B75D-DDDD785EBA85}"
EndProject
Project("{FAE04EC0-301F-11D3-BF4B-00C04F79EFBC}") = "Centazio.Providers.SqlServer", "src\Centazio.Providers\Centazio.Providers.SqlServer\Centazio.Providers.SqlServer.csproj", "{FA9D5B79-F600-4DF9-9D87-6F25201798D8}"
EndProject
Project("{FAE04EC0-301F-11D3-BF4B-00C04F79EFBC}") = "Centazio.Providers.SqlServer.Tests", "tests\Centazio.Providers.SqlServer.Tests\Centazio.Providers.SqlServer.Tests.csproj", "{482065E4-0E14-4116-9775-8D373838F97B}"
EndProject
Project("{FAE04EC0-301F-11D3-BF4B-00C04F79EFBC}") = "Centazio.Cli", "src\Centazio.Cli\Centazio.Cli.csproj", "{1E939A9D-D12B-493E-BAE0-5505ABCB9887}"
EndProject
Project("{FAE04EC0-301F-11D3-BF4B-00C04F79EFBC}") = "Centazio.Cli.Tests", "tests\Centazio.Cli.Tests\Centazio.Cli.Tests.csproj", "{71B815EF-7B16-4B59-8618-786946214EF3}"
EndProject
Project("{FAE04EC0-301F-11D3-BF4B-00C04F79EFBC}") = "Centazio.Providers.Sqlite", "src\Centazio.Providers\Centazio.Providers.Sqlite\Centazio.Providers.Sqlite.csproj", "{D0C7217B-A2ED-414B-BC82-7E2BB6DCDD1B}"
EndProject
Project("{FAE04EC0-301F-11D3-BF4B-00C04F79EFBC}") = "Centazio.Providers.Sqlite.Tests", "tests\Centazio.Providers.Sqlite.Tests\Centazio.Providers.Sqlite.Tests.csproj", "{41008760-9463-4448-A148-49043BFC6A21}"
EndProject
Project("{FAE04EC0-301F-11D3-BF4B-00C04F79EFBC}") = "Centazio.Providers.EF", "src\Centazio.Providers\Centazio.Providers.EF\Centazio.Providers.EF.csproj", "{29E96B20-7A48-435D-8C2A-F7E07F96A330}"
EndProject
Project("{FAE04EC0-301F-11D3-BF4B-00C04F79EFBC}") = "Centazio.Providers.EF.Tests", "tests\Centazio.Providers.EF.Tests\Centazio.Providers.EF.Tests.csproj", "{B2153D96-FE8B-4851-B9BD-B2ACCF240B3D}"
EndProject
Project("{FAE04EC0-301F-11D3-BF4B-00C04F79EFBC}") = "Centazio.Host", "src\Centazio.Host\Centazio.Host.csproj", "{00E9AA93-78A0-46FA-AEB3-16F0689C2FA1}"
EndProject
Project("{FAE04EC0-301F-11D3-BF4B-00C04F79EFBC}") = "Centazio.Sample.Shared", "sample\Centazio.Sample.Shared\Centazio.Sample.Shared.csproj", "{F9228BE1-ACA5-443C-9A37-3628C9C57B02}"
EndProject
Project("{2150E333-8FDC-42A3-9474-1A3956D46DE8}") = "sample", "sample", "{A6ED965F-9625-4DBC-A9A3-BB53C946433B}"
EndProject
Project("{FAE04EC0-301F-11D3-BF4B-00C04F79EFBC}") = "Centazio.Sample.Tests", "sample\Centazio.Sample.Tests\Centazio.Sample.Tests.csproj", "{CFE28708-102C-4880-98F9-18138C102B8A}"
EndProject
Project("{2150E333-8FDC-42A3-9474-1A3956D46DE8}") = "misc", "misc", "{27B6B1AD-5B4D-4D47-AC74-75CC2F6CB6AF}"
	ProjectSection(SolutionItems) = preProject
		settings.json = settings.json
		.gitignore = .gitignore
		Directory.Build.props = Directory.Build.props
		Directory.Packages.props = Directory.Packages.props
		settings.in-mem.json = settings.in-mem.json
		\\aus-syd-dc05.internal.picnet.com.au\secrets\centazio3\in-mem.env = \\aus-syd-dc05.internal.picnet.com.au\secrets\centazio3\azure_sample.env
		readme.md = readme.md
		tutorial.md = tutorial.md
		todo.md = todo.md
		contributing.md = contributing.md
		.github\workflows\main.yml = .github\workflows\main.yml
		defaults\settings.aws.json = defaults\settings.aws.json
		defaults\settings.azure.json = defaults\settings.azure.json
		defaults\settings.centaziohost.json = defaults\settings.centaziohost.json
		defaults\settings.defaults.json = defaults\settings.defaults.json
		src\bump.sh = src\bump.sh
		src\devcli.sh = src\devcli.sh
	EndProjectSection
EndProject
Project("{FAE04EC0-301F-11D3-BF4B-00C04F79EFBC}") = "Centazio.TestFunctions", "tests\Centazio.TestFunctions\Centazio.TestFunctions.csproj", "{16243103-CE9F-46A1-94D6-2ECA60FCA696}"
EndProject
Project("{FAE04EC0-301F-11D3-BF4B-00C04F79EFBC}") = "Centazio.Sample.ClickUp", "sample\Centazio.Sample.ClickUp\Centazio.Sample.ClickUp.csproj", "{12BDCB0D-A9F0-4A1E-8ACF-7BDE132630AC}"
EndProject
Project("{FAE04EC0-301F-11D3-BF4B-00C04F79EFBC}") = "Centazio.Sample.AppSheet", "sample\Centazio.Sample.AppSheet\Centazio.Sample.AppSheet.csproj", "{CB575946-6429-4156-A7BA-38833137CF47}"
EndProject
Project("{FAE04EC0-301F-11D3-BF4B-00C04F79EFBC}") = "Centazio.Providers.PostgresSql", "src\Centazio.Providers\Centazio.Providers.PostgresSql\Centazio.Providers.PostgresSql.csproj", "{10EB304E-5328-46EC-8CED-D940457F6CB7}"
EndProject
Project("{FAE04EC0-301F-11D3-BF4B-00C04F79EFBC}") = "Centazio.Providers.PostgresSql.Tests", "tests\Centazio.Providers.PostgresSql.Tests\Centazio.Providers.PostgresSql.Tests.csproj", "{7769378D-BC15-43AD-AC11-0AE8FAE2EE86}"
EndProject
Global
	GlobalSection(SolutionConfigurationPlatforms) = preSolution
		Debug|Any CPU = Debug|Any CPU
		Release|Any CPU = Release|Any CPU
	EndGlobalSection
	GlobalSection(ProjectConfigurationPlatforms) = postSolution
		{2B592DCA-AD65-487B-8683-0442411D2AFA}.Debug|Any CPU.ActiveCfg = Debug|Any CPU
		{2B592DCA-AD65-487B-8683-0442411D2AFA}.Debug|Any CPU.Build.0 = Debug|Any CPU
		{2B592DCA-AD65-487B-8683-0442411D2AFA}.Release|Any CPU.ActiveCfg = Release|Any CPU
		{2B592DCA-AD65-487B-8683-0442411D2AFA}.Release|Any CPU.Build.0 = Release|Any CPU
		{47D183A9-4165-471B-9F69-99F4CEB05005}.Debug|Any CPU.ActiveCfg = Debug|Any CPU
		{47D183A9-4165-471B-9F69-99F4CEB05005}.Debug|Any CPU.Build.0 = Debug|Any CPU
		{47D183A9-4165-471B-9F69-99F4CEB05005}.Release|Any CPU.ActiveCfg = Release|Any CPU
		{47D183A9-4165-471B-9F69-99F4CEB05005}.Release|Any CPU.Build.0 = Release|Any CPU
		{1653C645-36BD-429C-A737-1F73144E6D58}.Debug|Any CPU.ActiveCfg = Debug|Any CPU
		{1653C645-36BD-429C-A737-1F73144E6D58}.Debug|Any CPU.Build.0 = Debug|Any CPU
		{1653C645-36BD-429C-A737-1F73144E6D58}.Release|Any CPU.ActiveCfg = Release|Any CPU
		{1653C645-36BD-429C-A737-1F73144E6D58}.Release|Any CPU.Build.0 = Release|Any CPU
		{58CF7292-B579-4BA9-977C-B2F63A1254D9}.Debug|Any CPU.ActiveCfg = Debug|Any CPU
		{58CF7292-B579-4BA9-977C-B2F63A1254D9}.Debug|Any CPU.Build.0 = Debug|Any CPU
		{58CF7292-B579-4BA9-977C-B2F63A1254D9}.Release|Any CPU.ActiveCfg = Release|Any CPU
		{58CF7292-B579-4BA9-977C-B2F63A1254D9}.Release|Any CPU.Build.0 = Release|Any CPU
		{0FA844AD-623F-45D7-B75D-DDDD785EBA85}.Debug|Any CPU.ActiveCfg = Debug|Any CPU
		{0FA844AD-623F-45D7-B75D-DDDD785EBA85}.Debug|Any CPU.Build.0 = Debug|Any CPU
		{0FA844AD-623F-45D7-B75D-DDDD785EBA85}.Release|Any CPU.ActiveCfg = Release|Any CPU
		{0FA844AD-623F-45D7-B75D-DDDD785EBA85}.Release|Any CPU.Build.0 = Release|Any CPU
		{FA9D5B79-F600-4DF9-9D87-6F25201798D8}.Debug|Any CPU.ActiveCfg = Debug|Any CPU
		{FA9D5B79-F600-4DF9-9D87-6F25201798D8}.Debug|Any CPU.Build.0 = Debug|Any CPU
		{FA9D5B79-F600-4DF9-9D87-6F25201798D8}.Release|Any CPU.ActiveCfg = Release|Any CPU
		{FA9D5B79-F600-4DF9-9D87-6F25201798D8}.Release|Any CPU.Build.0 = Release|Any CPU
		{482065E4-0E14-4116-9775-8D373838F97B}.Debug|Any CPU.ActiveCfg = Debug|Any CPU
		{482065E4-0E14-4116-9775-8D373838F97B}.Debug|Any CPU.Build.0 = Debug|Any CPU
		{482065E4-0E14-4116-9775-8D373838F97B}.Release|Any CPU.ActiveCfg = Release|Any CPU
		{482065E4-0E14-4116-9775-8D373838F97B}.Release|Any CPU.Build.0 = Release|Any CPU
		{1E939A9D-D12B-493E-BAE0-5505ABCB9887}.Debug|Any CPU.ActiveCfg = Debug|Any CPU
		{1E939A9D-D12B-493E-BAE0-5505ABCB9887}.Debug|Any CPU.Build.0 = Debug|Any CPU
		{1E939A9D-D12B-493E-BAE0-5505ABCB9887}.Release|Any CPU.ActiveCfg = Release|Any CPU
		{1E939A9D-D12B-493E-BAE0-5505ABCB9887}.Release|Any CPU.Build.0 = Release|Any CPU
		{71B815EF-7B16-4B59-8618-786946214EF3}.Debug|Any CPU.ActiveCfg = Debug|Any CPU
		{71B815EF-7B16-4B59-8618-786946214EF3}.Debug|Any CPU.Build.0 = Debug|Any CPU
		{71B815EF-7B16-4B59-8618-786946214EF3}.Release|Any CPU.ActiveCfg = Release|Any CPU
		{71B815EF-7B16-4B59-8618-786946214EF3}.Release|Any CPU.Build.0 = Release|Any CPU
		{D0C7217B-A2ED-414B-BC82-7E2BB6DCDD1B}.Debug|Any CPU.ActiveCfg = Debug|Any CPU
		{D0C7217B-A2ED-414B-BC82-7E2BB6DCDD1B}.Debug|Any CPU.Build.0 = Debug|Any CPU
		{D0C7217B-A2ED-414B-BC82-7E2BB6DCDD1B}.Release|Any CPU.ActiveCfg = Release|Any CPU
		{D0C7217B-A2ED-414B-BC82-7E2BB6DCDD1B}.Release|Any CPU.Build.0 = Release|Any CPU
		{41008760-9463-4448-A148-49043BFC6A21}.Debug|Any CPU.ActiveCfg = Debug|Any CPU
		{41008760-9463-4448-A148-49043BFC6A21}.Debug|Any CPU.Build.0 = Debug|Any CPU
		{41008760-9463-4448-A148-49043BFC6A21}.Release|Any CPU.ActiveCfg = Release|Any CPU
		{41008760-9463-4448-A148-49043BFC6A21}.Release|Any CPU.Build.0 = Release|Any CPU
		{29E96B20-7A48-435D-8C2A-F7E07F96A330}.Debug|Any CPU.ActiveCfg = Debug|Any CPU
		{29E96B20-7A48-435D-8C2A-F7E07F96A330}.Debug|Any CPU.Build.0 = Debug|Any CPU
		{29E96B20-7A48-435D-8C2A-F7E07F96A330}.Release|Any CPU.ActiveCfg = Release|Any CPU
		{29E96B20-7A48-435D-8C2A-F7E07F96A330}.Release|Any CPU.Build.0 = Release|Any CPU
		{B2153D96-FE8B-4851-B9BD-B2ACCF240B3D}.Debug|Any CPU.ActiveCfg = Debug|Any CPU
		{B2153D96-FE8B-4851-B9BD-B2ACCF240B3D}.Debug|Any CPU.Build.0 = Debug|Any CPU
		{B2153D96-FE8B-4851-B9BD-B2ACCF240B3D}.Release|Any CPU.ActiveCfg = Release|Any CPU
		{B2153D96-FE8B-4851-B9BD-B2ACCF240B3D}.Release|Any CPU.Build.0 = Release|Any CPU
		{00E9AA93-78A0-46FA-AEB3-16F0689C2FA1}.Debug|Any CPU.ActiveCfg = Debug|Any CPU
		{00E9AA93-78A0-46FA-AEB3-16F0689C2FA1}.Debug|Any CPU.Build.0 = Debug|Any CPU
		{00E9AA93-78A0-46FA-AEB3-16F0689C2FA1}.Release|Any CPU.ActiveCfg = Release|Any CPU
		{00E9AA93-78A0-46FA-AEB3-16F0689C2FA1}.Release|Any CPU.Build.0 = Release|Any CPU
		{F9228BE1-ACA5-443C-9A37-3628C9C57B02}.Debug|Any CPU.ActiveCfg = Debug|Any CPU
		{F9228BE1-ACA5-443C-9A37-3628C9C57B02}.Debug|Any CPU.Build.0 = Debug|Any CPU
		{F9228BE1-ACA5-443C-9A37-3628C9C57B02}.Release|Any CPU.ActiveCfg = Release|Any CPU
		{F9228BE1-ACA5-443C-9A37-3628C9C57B02}.Release|Any CPU.Build.0 = Release|Any CPU
		{CFE28708-102C-4880-98F9-18138C102B8A}.Debug|Any CPU.ActiveCfg = Debug|Any CPU
		{CFE28708-102C-4880-98F9-18138C102B8A}.Debug|Any CPU.Build.0 = Debug|Any CPU
		{CFE28708-102C-4880-98F9-18138C102B8A}.Release|Any CPU.ActiveCfg = Release|Any CPU
		{CFE28708-102C-4880-98F9-18138C102B8A}.Release|Any CPU.Build.0 = Release|Any CPU
		{16243103-CE9F-46A1-94D6-2ECA60FCA696}.Debug|Any CPU.ActiveCfg = Debug|Any CPU
		{16243103-CE9F-46A1-94D6-2ECA60FCA696}.Debug|Any CPU.Build.0 = Debug|Any CPU
		{16243103-CE9F-46A1-94D6-2ECA60FCA696}.Release|Any CPU.ActiveCfg = Release|Any CPU
		{16243103-CE9F-46A1-94D6-2ECA60FCA696}.Release|Any CPU.Build.0 = Release|Any CPU
		{12BDCB0D-A9F0-4A1E-8ACF-7BDE132630AC}.Debug|Any CPU.ActiveCfg = Debug|Any CPU
		{12BDCB0D-A9F0-4A1E-8ACF-7BDE132630AC}.Debug|Any CPU.Build.0 = Debug|Any CPU
		{12BDCB0D-A9F0-4A1E-8ACF-7BDE132630AC}.Release|Any CPU.ActiveCfg = Release|Any CPU
		{12BDCB0D-A9F0-4A1E-8ACF-7BDE132630AC}.Release|Any CPU.Build.0 = Release|Any CPU
		{CB575946-6429-4156-A7BA-38833137CF47}.Debug|Any CPU.ActiveCfg = Debug|Any CPU
		{CB575946-6429-4156-A7BA-38833137CF47}.Debug|Any CPU.Build.0 = Debug|Any CPU
		{CB575946-6429-4156-A7BA-38833137CF47}.Release|Any CPU.ActiveCfg = Release|Any CPU
		{CB575946-6429-4156-A7BA-38833137CF47}.Release|Any CPU.Build.0 = Release|Any CPU
		{10EB304E-5328-46EC-8CED-D940457F6CB7}.Debug|Any CPU.ActiveCfg = Debug|Any CPU
		{10EB304E-5328-46EC-8CED-D940457F6CB7}.Debug|Any CPU.Build.0 = Debug|Any CPU
		{10EB304E-5328-46EC-8CED-D940457F6CB7}.Release|Any CPU.ActiveCfg = Release|Any CPU
		{10EB304E-5328-46EC-8CED-D940457F6CB7}.Release|Any CPU.Build.0 = Release|Any CPU
		{7769378D-BC15-43AD-AC11-0AE8FAE2EE86}.Debug|Any CPU.ActiveCfg = Debug|Any CPU
		{7769378D-BC15-43AD-AC11-0AE8FAE2EE86}.Debug|Any CPU.Build.0 = Debug|Any CPU
		{7769378D-BC15-43AD-AC11-0AE8FAE2EE86}.Release|Any CPU.ActiveCfg = Release|Any CPU
		{7769378D-BC15-43AD-AC11-0AE8FAE2EE86}.Release|Any CPU.Build.0 = Release|Any CPU
	EndGlobalSection
	GlobalSection(NestedProjects) = preSolution
		{1653C645-36BD-429C-A737-1F73144E6D58} = {FCF48D59-CFEF-4D5C-839F-7AB6E63C3694}
		{47D183A9-4165-471B-9F69-99F4CEB05005} = {85E0FAEE-523F-43E6-9FA8-53EFA08E2F35}
		{2B592DCA-AD65-487B-8683-0442411D2AFA} = {85E0FAEE-523F-43E6-9FA8-53EFA08E2F35}
		{95FE1321-2F07-45ED-ABA6-AA354B308CE7} = {85E0FAEE-523F-43E6-9FA8-53EFA08E2F35}
		{58CF7292-B579-4BA9-977C-B2F63A1254D9} = {95FE1321-2F07-45ED-ABA6-AA354B308CE7}
		{60BD8B72-2AC8-4D12-A2BA-87BDD7C803AB} = {FCF48D59-CFEF-4D5C-839F-7AB6E63C3694}
		{0FA844AD-623F-45D7-B75D-DDDD785EBA85} = {60BD8B72-2AC8-4D12-A2BA-87BDD7C803AB}
		{FA9D5B79-F600-4DF9-9D87-6F25201798D8} = {95FE1321-2F07-45ED-ABA6-AA354B308CE7}
		{482065E4-0E14-4116-9775-8D373838F97B} = {60BD8B72-2AC8-4D12-A2BA-87BDD7C803AB}
		{1E939A9D-D12B-493E-BAE0-5505ABCB9887} = {85E0FAEE-523F-43E6-9FA8-53EFA08E2F35}
		{71B815EF-7B16-4B59-8618-786946214EF3} = {FCF48D59-CFEF-4D5C-839F-7AB6E63C3694}
		{D0C7217B-A2ED-414B-BC82-7E2BB6DCDD1B} = {95FE1321-2F07-45ED-ABA6-AA354B308CE7}
		{41008760-9463-4448-A148-49043BFC6A21} = {60BD8B72-2AC8-4D12-A2BA-87BDD7C803AB}
		{29E96B20-7A48-435D-8C2A-F7E07F96A330} = {95FE1321-2F07-45ED-ABA6-AA354B308CE7}
		{B2153D96-FE8B-4851-B9BD-B2ACCF240B3D} = {60BD8B72-2AC8-4D12-A2BA-87BDD7C803AB}
		{00E9AA93-78A0-46FA-AEB3-16F0689C2FA1} = {85E0FAEE-523F-43E6-9FA8-53EFA08E2F35}
		{F9228BE1-ACA5-443C-9A37-3628C9C57B02} = {A6ED965F-9625-4DBC-A9A3-BB53C946433B}
		{CFE28708-102C-4880-98F9-18138C102B8A} = {A6ED965F-9625-4DBC-A9A3-BB53C946433B}
		{16243103-CE9F-46A1-94D6-2ECA60FCA696} = {FCF48D59-CFEF-4D5C-839F-7AB6E63C3694}
		{12BDCB0D-A9F0-4A1E-8ACF-7BDE132630AC} = {A6ED965F-9625-4DBC-A9A3-BB53C946433B}
		{CB575946-6429-4156-A7BA-38833137CF47} = {A6ED965F-9625-4DBC-A9A3-BB53C946433B}
		{10EB304E-5328-46EC-8CED-D940457F6CB7} = {95FE1321-2F07-45ED-ABA6-AA354B308CE7}
		{7769378D-BC15-43AD-AC11-0AE8FAE2EE86} = {60BD8B72-2AC8-4D12-A2BA-87BDD7C803AB}
	EndGlobalSection
EndGlobal
