
Microsoft Visual Studio Solution File, Format Version 12.00
Project("{FAE04EC0-301F-11D3-BF4B-00C04F79EFBC}") = "Centazio.Test.Lib", "src\Centazio.Test.Lib\Centazio.Test.Lib.csproj", "{2B592DCA-AD65-487B-8683-0442411D2AFA}"
EndProject
Project("{2150E333-8FDC-42A3-9474-1A3956D46DE8}") = "tests", "tests", "{FCF48D59-CFEF-4D5C-839F-7AB6E63C3694}"
	ProjectSection(SolutionItems) = preProject
		tests\settings.json = tests\settings.json
	EndProjectSection
EndProject
Project("{FAE04EC0-301F-11D3-BF4B-00C04F79EFBC}") = "Centazio.Core", "src\Centazio.Core\Centazio.Core.csproj", "{47D183A9-4165-471B-9F69-99F4CEB05005}"
EndProject
Project("{FAE04EC0-301F-11D3-BF4B-00C04F79EFBC}") = "Centazio.Core.Tests", "tests\Centazio.Core.Tests\Centazio.Core.Tests.csproj", "{1653C645-36BD-429C-A737-1F73144E6D58}"
EndProject
Project("{2150E333-8FDC-42A3-9474-1A3956D46DE8}") = "src", "src", "{85E0FAEE-523F-43E6-9FA8-53EFA08E2F35}"
	ProjectSection(SolutionItems) = preProject
		src\readme.md = src\readme.md
		src\settings.json = src\settings.json
	EndProjectSection
EndProject
Project("{2150E333-8FDC-42A3-9474-1A3956D46DE8}") = "Centazio.Providers", "Centazio.Providers", "{95FE1321-2F07-45ED-ABA6-AA354B308CE7}"
EndProject
Project("{FAE04EC0-301F-11D3-BF4B-00C04F79EFBC}") = "Centazio.Providers.Aws", "src\Centazio.Providers\Centazio.Providers.Aws\Centazio.Providers.Aws.csproj", "{58CF7292-B579-4BA9-977C-B2F63A1254D9}"
EndProject
Project("{2150E333-8FDC-42A3-9474-1A3956D46DE8}") = "Centazio.Providers", "Centazio.Providers", "{60BD8B72-2AC8-4D12-A2BA-87BDD7C803AB}"
EndProject
Project("{FAE04EC0-301F-11D3-BF4B-00C04F79EFBC}") = "Centazio.Providers.Aws.Tests", "tests\Centazio.Providers.Aws.Tests\Centazio.Providers.Aws.Tests.csproj", "{0FA844AD-623F-45D7-B75D-DDDD785EBA85}"
EndProject
Project("{FAE04EC0-301F-11D3-BF4B-00C04F79EFBC}") = "Centazio.Providers.SqlServer", "src\Centazio.Providers\Centazio.Providers.SqlServer\Centazio.Providers.SqlServer.csproj", "{FA9D5B79-F600-4DF9-9D87-6F25201798D8}"
EndProject
Project("{FAE04EC0-301F-11D3-BF4B-00C04F79EFBC}") = "Centazio.Providers.SqlServer.Tests", "tests\Centazio.Providers.SqlServer.Tests\Centazio.Providers.SqlServer.Tests.csproj", "{482065E4-0E14-4116-9775-8D373838F97B}"
EndProject
Project("{FAE04EC0-301F-11D3-BF4B-00C04F79EFBC}") = "Centazio.Cli", "src\Centazio.Cli\Centazio.Cli.csproj", "{1E939A9D-D12B-493E-BAE0-5505ABCB9887}"
EndProject
Project("{FAE04EC0-301F-11D3-BF4B-00C04F79EFBC}") = "Centazio.Cli.Tests", "tests\Centazio.Cli.Tests\Centazio.Cli.Tests.csproj", "{71B815EF-7B16-4B59-8618-786946214EF3}"
EndProject
Global
	GlobalSection(SolutionConfigurationPlatforms) = preSolution
		Debug|Any CPU = Debug|Any CPU
		Release|Any CPU = Release|Any CPU
	EndGlobalSection
	GlobalSection(ProjectConfigurationPlatforms) = postSolution
		{2B592DCA-AD65-487B-8683-0442411D2AFA}.Debug|Any CPU.ActiveCfg = Debug|Any CPU
		{2B592DCA-AD65-487B-8683-0442411D2AFA}.Debug|Any CPU.Build.0 = Debug|Any CPU
		{2B592DCA-AD65-487B-8683-0442411D2AFA}.Release|Any CPU.ActiveCfg = Release|Any CPU
		{2B592DCA-AD65-487B-8683-0442411D2AFA}.Release|Any CPU.Build.0 = Release|Any CPU
		{47D183A9-4165-471B-9F69-99F4CEB05005}.Debug|Any CPU.ActiveCfg = Debug|Any CPU
		{47D183A9-4165-471B-9F69-99F4CEB05005}.Debug|Any CPU.Build.0 = Debug|Any CPU
		{47D183A9-4165-471B-9F69-99F4CEB05005}.Release|Any CPU.ActiveCfg = Release|Any CPU
		{47D183A9-4165-471B-9F69-99F4CEB05005}.Release|Any CPU.Build.0 = Release|Any CPU
		{1653C645-36BD-429C-A737-1F73144E6D58}.Debug|Any CPU.ActiveCfg = Debug|Any CPU
		{1653C645-36BD-429C-A737-1F73144E6D58}.Debug|Any CPU.Build.0 = Debug|Any CPU
		{1653C645-36BD-429C-A737-1F73144E6D58}.Release|Any CPU.ActiveCfg = Release|Any CPU
		{1653C645-36BD-429C-A737-1F73144E6D58}.Release|Any CPU.Build.0 = Release|Any CPU
		{58CF7292-B579-4BA9-977C-B2F63A1254D9}.Debug|Any CPU.ActiveCfg = Debug|Any CPU
		{58CF7292-B579-4BA9-977C-B2F63A1254D9}.Debug|Any CPU.Build.0 = Debug|Any CPU
		{58CF7292-B579-4BA9-977C-B2F63A1254D9}.Release|Any CPU.ActiveCfg = Release|Any CPU
		{58CF7292-B579-4BA9-977C-B2F63A1254D9}.Release|Any CPU.Build.0 = Release|Any CPU
		{0FA844AD-623F-45D7-B75D-DDDD785EBA85}.Debug|Any CPU.ActiveCfg = Debug|Any CPU
		{0FA844AD-623F-45D7-B75D-DDDD785EBA85}.Debug|Any CPU.Build.0 = Debug|Any CPU
		{0FA844AD-623F-45D7-B75D-DDDD785EBA85}.Release|Any CPU.ActiveCfg = Release|Any CPU
		{0FA844AD-623F-45D7-B75D-DDDD785EBA85}.Release|Any CPU.Build.0 = Release|Any CPU
		{FA9D5B79-F600-4DF9-9D87-6F25201798D8}.Debug|Any CPU.ActiveCfg = Debug|Any CPU
		{FA9D5B79-F600-4DF9-9D87-6F25201798D8}.Debug|Any CPU.Build.0 = Debug|Any CPU
		{FA9D5B79-F600-4DF9-9D87-6F25201798D8}.Release|Any CPU.ActiveCfg = Release|Any CPU
		{FA9D5B79-F600-4DF9-9D87-6F25201798D8}.Release|Any CPU.Build.0 = Release|Any CPU
		{482065E4-0E14-4116-9775-8D373838F97B}.Debug|Any CPU.ActiveCfg = Debug|Any CPU
		{482065E4-0E14-4116-9775-8D373838F97B}.Debug|Any CPU.Build.0 = Debug|Any CPU
		{482065E4-0E14-4116-9775-8D373838F97B}.Release|Any CPU.ActiveCfg = Release|Any CPU
		{482065E4-0E14-4116-9775-8D373838F97B}.Release|Any CPU.Build.0 = Release|Any CPU
		{1E939A9D-D12B-493E-BAE0-5505ABCB9887}.Debug|Any CPU.ActiveCfg = Debug|Any CPU
		{1E939A9D-D12B-493E-BAE0-5505ABCB9887}.Debug|Any CPU.Build.0 = Debug|Any CPU
		{1E939A9D-D12B-493E-BAE0-5505ABCB9887}.Release|Any CPU.ActiveCfg = Release|Any CPU
		{1E939A9D-D12B-493E-BAE0-5505ABCB9887}.Release|Any CPU.Build.0 = Release|Any CPU
		{71B815EF-7B16-4B59-8618-786946214EF3}.Debug|Any CPU.ActiveCfg = Debug|Any CPU
		{71B815EF-7B16-4B59-8618-786946214EF3}.Debug|Any CPU.Build.0 = Debug|Any CPU
		{71B815EF-7B16-4B59-8618-786946214EF3}.Release|Any CPU.ActiveCfg = Release|Any CPU
		{71B815EF-7B16-4B59-8618-786946214EF3}.Release|Any CPU.Build.0 = Release|Any CPU
	EndGlobalSection
	GlobalSection(NestedProjects) = preSolution
		{1653C645-36BD-429C-A737-1F73144E6D58} = {FCF48D59-CFEF-4D5C-839F-7AB6E63C3694}
		{47D183A9-4165-471B-9F69-99F4CEB05005} = {85E0FAEE-523F-43E6-9FA8-53EFA08E2F35}
		{2B592DCA-AD65-487B-8683-0442411D2AFA} = {85E0FAEE-523F-43E6-9FA8-53EFA08E2F35}
		{95FE1321-2F07-45ED-ABA6-AA354B308CE7} = {85E0FAEE-523F-43E6-9FA8-53EFA08E2F35}
		{58CF7292-B579-4BA9-977C-B2F63A1254D9} = {95FE1321-2F07-45ED-ABA6-AA354B308CE7}
		{60BD8B72-2AC8-4D12-A2BA-87BDD7C803AB} = {FCF48D59-CFEF-4D5C-839F-7AB6E63C3694}
		{0FA844AD-623F-45D7-B75D-DDDD785EBA85} = {60BD8B72-2AC8-4D12-A2BA-87BDD7C803AB}
		{FA9D5B79-F600-4DF9-9D87-6F25201798D8} = {95FE1321-2F07-45ED-ABA6-AA354B308CE7}
		{482065E4-0E14-4116-9775-8D373838F97B} = {60BD8B72-2AC8-4D12-A2BA-87BDD7C803AB}
		{1E939A9D-D12B-493E-BAE0-5505ABCB9887} = {85E0FAEE-523F-43E6-9FA8-53EFA08E2F35}
		{71B815EF-7B16-4B59-8618-786946214EF3} = {FCF48D59-CFEF-4D5C-839F-7AB6E63C3694}
	EndGlobalSection
EndGlobal
